github.com/GanymedeNil/go-webrtcvad v0.0.0-20191210081959-e18ecd7324df h1:coyDVXJ5l1Wq4ENzkei6vN0TrUiQKpWCOU/NnoMm6hI=
github.com/GanymedeNil/go-webrtcvad v0.0.0-20191210081959-e18ecd7324df/go.mod h1:FojFwSHU7GrvruGb1c0+/JhJmmcCXmTEE09SW63msUQ=
github.com/cryptix/wav v0.0.0-20180415113528-8bdace674401/go.mod h1:knK8fd+KPlGGqSUWogv1DQzGTwnfUvAi0cIoWyOG7+U=
github.com/zserge/govad v0.0.0-20260330155402-74750eabf3a4 h1:C+qXvLKxPHy1ATWWF+mAIp/5JtLawNahy/ICPPVrgPg=
github.com/zserge/govad v0.0.0-20260330155402-74750eabf3a4/go.mod h1:e0lKrmGHlIQjttwSN+Ojgrj7P25o5w9jYOlAkyQ6JFk=
