github.com/LingByte/ling-base/common/pool v0.1.0 h1:GZiWWZF08BZek6DHIYS0JuBAL3Qo92MekABRb0Xp8CM=
github.com/LingByte/ling-base/common/pool v0.1.0/go.mod h1:pR0rU51wB71SfKbEMPado4OJpwkEvZOTSJT/Hf+x080=
github.com/LingByte/ling-base/common/queue v0.1.0 h1:CfKV+YF4O9+H58azMVCS1QhFO8ELU7SxNmq0s9z4xDU=
github.com/LingByte/ling-base/common/queue v0.1.0/go.mod h1:QKb8Qv8Ry9ynWwmuRTo2OkIda5Z+5Ykui9/DzQiswDg=
github.com/stretchr/testify v1.12.1 h1:EuwCh5fleGS7H32xRwO3wRGT7DxrDhLAT6FF8MpWDWE=
go.yaml.in/yaml/v3 v3.0.5 h1:N6y/pJk8buWs9NY5ERU2HSMfm+IuD/OtfdAnq6kESPw=
