github.com/LingByte/ling-base/common/netutil v0.1.0 h1:4PsfkOtAnjxrUI4wUdh5K4gGS/e8/55DKK6KFrBbz+I=
github.com/LingByte/ling-base/common/netutil v0.1.0/go.mod h1:F//MWWcV9HHfYJHZVqmAMqOhEfGxnU3OJEdLc5GvFw4=
github.com/stretchr/testify v1.12.1 h1:EuwCh5fleGS7H32xRwO3wRGT7DxrDhLAT6FF8MpWDWE=
github.com/stretchr/testify v1.12.1/go.mod h1:MDEgiDPPsNp5cuIrHPPCyornHKgEVbtFUmoNlxoYthg=
go.yaml.in/yaml/v3 v3.0.5 h1:N6y/pJk8buWs9NY5ERU2HSMfm+IuD/OtfdAnq6kESPw=
go.yaml.in/yaml/v3 v3.0.5/go.mod h1:HVTZu1O7/Vkt2N+BFy8Zza+lnLsABggaTM2ZpNIGuKg=
