github.com/LingByte/ling-base/common/cron v0.1.0 h1:RKq/BooAlqzKoEnuwZLkPXZq86mLZDCaWLY1yMEtXi8=
github.com/LingByte/ling-base/common/cron v0.1.0/go.mod h1:UlRw+OyKaEq88hMRjs0pnx/KCzeVE/eq+qkU7eaXyY0=
github.com/LingByte/ling-base/common/lock v0.1.0 h1:22AuXqWsj8VHlXr0OpoWJI6CKefrAq4iKSw/BoIpENo=
github.com/LingByte/ling-base/common/lock v0.1.0/go.mod h1:b/nlduz7nP0+4JSCpOXrfVWYdg2E6G+tecFNJYhx4ME=
github.com/stretchr/testify v1.12.1 h1:EuwCh5fleGS7H32xRwO3wRGT7DxrDhLAT6FF8MpWDWE=
go.yaml.in/yaml/v3 v3.0.5 h1:N6y/pJk8buWs9NY5ERU2HSMfm+IuD/OtfdAnq6kESPw=
