github.com/LingByte/ling-base/common/limiter/count v0.1.0 h1:m9a/A1/vKmV0jt+WHBtpMlUE6rYRF7bmvDqq6uBjj5o=
github.com/LingByte/ling-base/common/limiter/count v0.1.0/go.mod h1:O0GU61eROKy0pH9NQ1pypa8gkwWWaKUCLk4jaELLE8M=
github.com/stretchr/testify v1.12.1 h1:EuwCh5fleGS7H32xRwO3wRGT7DxrDhLAT6FF8MpWDWE=
go.yaml.in/yaml/v3 v3.0.5 h1:N6y/pJk8buWs9NY5ERU2HSMfm+IuD/OtfdAnq6kESPw=
