github.com/stretchr/testify v1.12.1 h1:EuwCh5fleGS7H32xRwO3wRGT7DxrDhLAT6FF8MpWDWE=
github.com/tencentcloud/tencentcloud-sdk-go/tencentcloud/common v1.3.159/go.mod h1:r5r4xbfxSaeR04b166HGsBa/R4U3SueirEUpXGuw+Q0=
github.com/tencentcloud/tencentcloud-sdk-go/tencentcloud/common v1.3.164 h1:Br7GgAR49SXT2oisWI0uYmeM5XHM9/7vlbWmm5+0iwY=
github.com/tencentcloud/tencentcloud-sdk-go/tencentcloud/common v1.3.164/go.mod h1:r5r4xbfxSaeR04b166HGsBa/R4U3SueirEUpXGuw+Q0=
github.com/tencentcloud/tencentcloud-sdk-go/tencentcloud/ocr v1.3.159 h1:dqA2UbhdStUdMhulVJv+XQnRL7gWTxtf8WZQTfr14Mc=
github.com/tencentcloud/tencentcloud-sdk-go/tencentcloud/ocr v1.3.159/go.mod h1:CuF20ff8vu5f60vBYayah+wsSmhF7lX+375jlMMwLBE=
go.yaml.in/yaml/v3 v3.0.5 h1:N6y/pJk8buWs9NY5ERU2HSMfm+IuD/OtfdAnq6kESPw=
